
Microsoft Visual Studio Solution File, Format Version 12.00
# Visual Studio 2012
Project("{FAE04EC0-301F-11D3-BF4B-00C04F79EFBC}") = "Project_v1.1", "Project_v1.1\Project_v1.1.csproj", "{5579A514-56E4-4005-8F74-70F7998DD115}"
EndProject
Project("{FAE04EC0-301F-11D3-BF4B-00C04F79EFBC}") = "Microsoft.Samples.Kinect.WpfViewers", "..\..\..\..\..\Downloads\KinectforWindowsSDKV1\Dependencies\KinectWpfViewers\Microsoft.Samples.Kinect.WpfViewers.csproj", "{4DE23893-27E7-423F-9BB6-BA21DAC2C45E}"
EndProject
Project("{2150E333-8FDC-42A3-9474-1A3956D46DE8}") = "Solution Items", "Solution Items", "{7EF40A51-B6AA-46DC-AB21-C21DB8F5F61E}"
	ProjectSection(SolutionItems) = preProject
		..\..\..\..\..\Desktop\Project_v1.1.vsd = ..\..\..\..\..\Desktop\Project_v1.1.vsd
	EndProjectSection
EndProject
Project("{FAE04EC0-301F-11D3-BF4B-00C04F79EFBC}") = "WpfViewers", "..\..\..\..\..\Desktop\KinectWpf\WpfViewers.csproj", "{B28B247E-276C-437A-B4D5-295E4799933A}"
EndProject
Global
	GlobalSection(SolutionConfigurationPlatforms) = preSolution
		Debug|Any CPU = Debug|Any CPU
		Debug|Mixed Platforms = Debug|Mixed Platforms
		Debug|x86 = Debug|x86
		Release|Any CPU = Release|Any CPU
		Release|Mixed Platforms = Release|Mixed Platforms
		Release|x86 = Release|x86
	EndGlobalSection
	GlobalSection(ProjectConfigurationPlatforms) = postSolution
		{5579A514-56E4-4005-8F74-70F7998DD115}.Debug|Any CPU.ActiveCfg = Debug|x86
		{5579A514-56E4-4005-8F74-70F7998DD115}.Debug|Mixed Platforms.ActiveCfg = Debug|x86
		{5579A514-56E4-4005-8F74-70F7998DD115}.Debug|Mixed Platforms.Build.0 = Debug|x86
		{5579A514-56E4-4005-8F74-70F7998DD115}.Debug|x86.ActiveCfg = Debug|x86
		{5579A514-56E4-4005-8F74-70F7998DD115}.Debug|x86.Build.0 = Debug|x86
		{5579A514-56E4-4005-8F74-70F7998DD115}.Release|Any CPU.ActiveCfg = Release|x86
		{5579A514-56E4-4005-8F74-70F7998DD115}.Release|Mixed Platforms.ActiveCfg = Release|x86
		{5579A514-56E4-4005-8F74-70F7998DD115}.Release|Mixed Platforms.Build.0 = Release|x86
		{5579A514-56E4-4005-8F74-70F7998DD115}.Release|x86.ActiveCfg = Release|x86
		{5579A514-56E4-4005-8F74-70F7998DD115}.Release|x86.Build.0 = Release|x86
		{4DE23893-27E7-423F-9BB6-BA21DAC2C45E}.Debug|Any CPU.ActiveCfg = Debug|Any CPU
		{4DE23893-27E7-423F-9BB6-BA21DAC2C45E}.Debug|Any CPU.Build.0 = Debug|Any CPU
		{4DE23893-27E7-423F-9BB6-BA21DAC2C45E}.Debug|Mixed Platforms.ActiveCfg = Debug|Any CPU
		{4DE23893-27E7-423F-9BB6-BA21DAC2C45E}.Debug|Mixed Platforms.Build.0 = Debug|Any CPU
		{4DE23893-27E7-423F-9BB6-BA21DAC2C45E}.Debug|x86.ActiveCfg = Debug|Any CPU
		{4DE23893-27E7-423F-9BB6-BA21DAC2C45E}.Release|Any CPU.ActiveCfg = Release|Any CPU
		{4DE23893-27E7-423F-9BB6-BA21DAC2C45E}.Release|Any CPU.Build.0 = Release|Any CPU
		{4DE23893-27E7-423F-9BB6-BA21DAC2C45E}.Release|Mixed Platforms.ActiveCfg = Release|Any CPU
		{4DE23893-27E7-423F-9BB6-BA21DAC2C45E}.Release|Mixed Platforms.Build.0 = Release|Any CPU
		{4DE23893-27E7-423F-9BB6-BA21DAC2C45E}.Release|x86.ActiveCfg = Release|Any CPU
		{B28B247E-276C-437A-B4D5-295E4799933A}.Debug|Any CPU.ActiveCfg = Debug|Any CPU
		{B28B247E-276C-437A-B4D5-295E4799933A}.Debug|Any CPU.Build.0 = Debug|Any CPU
		{B28B247E-276C-437A-B4D5-295E4799933A}.Debug|Mixed Platforms.ActiveCfg = Debug|Any CPU
		{B28B247E-276C-437A-B4D5-295E4799933A}.Debug|Mixed Platforms.Build.0 = Debug|Any CPU
		{B28B247E-276C-437A-B4D5-295E4799933A}.Debug|x86.ActiveCfg = Debug|Any CPU
		{B28B247E-276C-437A-B4D5-295E4799933A}.Release|Any CPU.ActiveCfg = Release|Any CPU
		{B28B247E-276C-437A-B4D5-295E4799933A}.Release|Any CPU.Build.0 = Release|Any CPU
		{B28B247E-276C-437A-B4D5-295E4799933A}.Release|Mixed Platforms.ActiveCfg = Release|Any CPU
		{B28B247E-276C-437A-B4D5-295E4799933A}.Release|Mixed Platforms.Build.0 = Release|Any CPU
		{B28B247E-276C-437A-B4D5-295E4799933A}.Release|x86.ActiveCfg = Release|Any CPU
	EndGlobalSection
	GlobalSection(SolutionProperties) = preSolution
		HideSolutionNode = FALSE
	EndGlobalSection
EndGlobal
